
Microsoft Visual Studio Solution File, Format Version 12.00
# Visual Studio Version 16
VisualStudioVersion = 16.0.30413.136
MinimumVisualStudioVersion = 10.0.40219.1
Project("{FAE04EC0-301F-11D3-BF4B-00C04F79EFBC}") = "CircusTrainV2", "CircusTrainV2\CircusTrainV2.csproj", "{8B5945B6-994F-48FB-B77E-3E77BF888B7B}"
EndProject
Project("{FAE04EC0-301F-11D3-BF4B-00C04F79EFBC}") = "CircusTrainTests", "CircusTrainTests\CircusTrainTests.csproj", "{3D689716-69EA-46D0-8C33-DD18D99886F6}"
EndProject
Global
	GlobalSection(SolutionConfigurationPlatforms) = preSolution
		Debug|Any CPU = Debug|Any CPU
		Release|Any CPU = Release|Any CPU
	EndGlobalSection
	GlobalSection(ProjectConfigurationPlatforms) = postSolution
		{8B5945B6-994F-48FB-B77E-3E77BF888B7B}.Debug|Any CPU.ActiveCfg = Debug|Any CPU
		{8B5945B6-994F-48FB-B77E-3E77BF888B7B}.Debug|Any CPU.Build.0 = Debug|Any CPU
		{8B5945B6-994F-48FB-B77E-3E77BF888B7B}.Release|Any CPU.ActiveCfg = Release|Any CPU
		{8B5945B6-994F-48FB-B77E-3E77BF888B7B}.Release|Any CPU.Build.0 = Release|Any CPU
		{3D689716-69EA-46D0-8C33-DD18D99886F6}.Debug|Any CPU.ActiveCfg = Debug|Any CPU
		{3D689716-69EA-46D0-8C33-DD18D99886F6}.Debug|Any CPU.Build.0 = Debug|Any CPU
		{3D689716-69EA-46D0-8C33-DD18D99886F6}.Release|Any CPU.ActiveCfg = Release|Any CPU
		{3D689716-69EA-46D0-8C33-DD18D99886F6}.Release|Any CPU.Build.0 = Release|Any CPU
	EndGlobalSection
	GlobalSection(SolutionProperties) = preSolution
		HideSolutionNode = FALSE
	EndGlobalSection
	GlobalSection(ExtensibilityGlobals) = postSolution
		SolutionGuid = {3D72C0AD-20BC-4AAF-BFF7-F9F5F4B7F2A0}
	EndGlobalSection
EndGlobal
